
Microsoft Visual Studio Solution File, Format Version 12.00
# Visual Studio 15
VisualStudioVersion = 15.0.26730.8
MinimumVisualStudioVersion = 10.0.40219.1
Project("{9A19103F-16F7-4668-BE54-9A1E7A4F7556}") = "Eisk.Core", "Core\Eisk.Core\Eisk.Core.csproj", "{8E6823DD-60AB-4772-AB9C-E5786BEF2B50}"
EndProject
Project("{9A19103F-16F7-4668-BE54-9A1E7A4F7556}") = "Eisk.Test.Core", "Core\Eisk.Test.Core\Eisk.Test.Core.csproj", "{642F6C34-DFFF-47FB-8568-621423F95B79}"
EndProject
Global
	GlobalSection(SolutionConfigurationPlatforms) = preSolution
		Debug|Any CPU = Debug|Any CPU
		Release|Any CPU = Release|Any CPU
	EndGlobalSection
	GlobalSection(ProjectConfigurationPlatforms) = postSolution
		{8E6823DD-60AB-4772-AB9C-E5786BEF2B50}.Debug|Any CPU.ActiveCfg = Debug|Any CPU
		{8E6823DD-60AB-4772-AB9C-E5786BEF2B50}.Debug|Any CPU.Build.0 = Debug|Any CPU
		{8E6823DD-60AB-4772-AB9C-E5786BEF2B50}.Release|Any CPU.ActiveCfg = Release|Any CPU
		{8E6823DD-60AB-4772-AB9C-E5786BEF2B50}.Release|Any CPU.Build.0 = Release|Any CPU
		{642F6C34-DFFF-47FB-8568-621423F95B79}.Debug|Any CPU.ActiveCfg = Debug|Any CPU
		{642F6C34-DFFF-47FB-8568-621423F95B79}.Debug|Any CPU.Build.0 = Debug|Any CPU
		{642F6C34-DFFF-47FB-8568-621423F95B79}.Release|Any CPU.ActiveCfg = Release|Any CPU
		{642F6C34-DFFF-47FB-8568-621423F95B79}.Release|Any CPU.Build.0 = Release|Any CPU
	EndGlobalSection
	GlobalSection(SolutionProperties) = preSolution
		HideSolutionNode = FALSE
	EndGlobalSection
	GlobalSection(ExtensibilityGlobals) = postSolution
		SolutionGuid = {4370F72B-9D16-4EBF-8EF5-1F0925FC7CC6}
	EndGlobalSection
EndGlobal
