
Microsoft Visual Studio Solution File, Format Version 12.00
# Visual Studio 15
VisualStudioVersion = 15.0.28307.168
MinimumVisualStudioVersion = 10.0.40219.1
Project("{2150E333-8FDC-42A3-9474-1A3956D46DE8}") = "Core", "Core", "{5C899B87-C8F5-4175-8D58-8EBBD0DAF2D6}"
EndProject
Project("{2150E333-8FDC-42A3-9474-1A3956D46DE8}") = "DomainCore", "DomainCore", "{EBB00523-AA34-473E-869F-F21A1FF49E4A}"
EndProject
Project("{2150E333-8FDC-42A3-9474-1A3956D46DE8}") = "Infrastructure", "Infrastructure", "{AB873FBC-C5FF-4186-9C40-1B07B5869061}"
EndProject
Project("{9A19103F-16F7-4668-BE54-9A1E7A4F7556}") = "Eisk.Core", "Core\Eisk.Core\Eisk.Core.csproj", "{DD9E265E-D7AF-4CBD-8316-707608C35920}"
EndProject
Project("{9A19103F-16F7-4668-BE54-9A1E7A4F7556}") = "Eisk.Test.Core", "Core\Eisk.Test.Core\Eisk.Test.Core.csproj", "{32A37BEF-1EEB-4937-B7B1-43DC7C8CFB08}"
EndProject
Project("{9A19103F-16F7-4668-BE54-9A1E7A4F7556}") = "Eisk.Domains", "DomainCore\Eisk.Domains\Eisk.Domains.csproj", "{32AA2C19-860E-4B59-9A14-59E5886433D4}"
EndProject
Project("{9A19103F-16F7-4668-BE54-9A1E7A4F7556}") = "Eisk.DataServices.Interfaces", "DomainCore\Eisk.DataServices.Interfaces\Eisk.DataServices.Interfaces.csproj", "{8493028D-21C0-43BC-A382-3390A58133B2}"
EndProject
Project("{9A19103F-16F7-4668-BE54-9A1E7A4F7556}") = "Eisk.WebApi", "WebApi\Eisk.WebApi\Eisk.WebApi.csproj", "{3EB34FF1-B49A-4B99-9147-47A858F18E9E}"
EndProject
Project("{9A19103F-16F7-4668-BE54-9A1E7A4F7556}") = "Eisk.EFCore.Setup", "Infrastructure\Eisk.EFCore.Setup\Eisk.EFCore.Setup.csproj", "{64004E6C-5178-42AD-B685-7377F4D30F73}"
EndProject
Project("{9A19103F-16F7-4668-BE54-9A1E7A4F7556}") = "Eisk.DomainServices", "DomainCore\Eisk.DomainServices\Eisk.DomainServices.csproj", "{51C04044-27E4-422E-9B5F-AB3AD047D07E}"
EndProject
Project("{9A19103F-16F7-4668-BE54-9A1E7A4F7556}") = "Eisk.DataServices.EFCore", "Infrastructure\Eisk.DataServices.EFCore\Eisk.DataServices.EFCore.csproj", "{5439FE0B-7094-41AE-AFC2-FAA340E5EAE4}"
EndProject
Project("{9A19103F-16F7-4668-BE54-9A1E7A4F7556}") = "Eisk.DomainServices.ComponentTests.EFCore", "Infrastructure\Eisk.DomainServices.ComponentTests.EFCore\Eisk.DomainServices.ComponentTests.EFCore.csproj", "{927DF350-D0DA-410B-86F1-10A6EE30D15C}"
EndProject
Global
	GlobalSection(SolutionConfigurationPlatforms) = preSolution
		Debug|Any CPU = Debug|Any CPU
		Release|Any CPU = Release|Any CPU
	EndGlobalSection
	GlobalSection(ProjectConfigurationPlatforms) = postSolution
		{DD9E265E-D7AF-4CBD-8316-707608C35920}.Debug|Any CPU.ActiveCfg = Debug|Any CPU
		{DD9E265E-D7AF-4CBD-8316-707608C35920}.Debug|Any CPU.Build.0 = Debug|Any CPU
		{DD9E265E-D7AF-4CBD-8316-707608C35920}.Release|Any CPU.ActiveCfg = Release|Any CPU
		{DD9E265E-D7AF-4CBD-8316-707608C35920}.Release|Any CPU.Build.0 = Release|Any CPU
		{32A37BEF-1EEB-4937-B7B1-43DC7C8CFB08}.Debug|Any CPU.ActiveCfg = Debug|Any CPU
		{32A37BEF-1EEB-4937-B7B1-43DC7C8CFB08}.Debug|Any CPU.Build.0 = Debug|Any CPU
		{32A37BEF-1EEB-4937-B7B1-43DC7C8CFB08}.Release|Any CPU.ActiveCfg = Release|Any CPU
		{32A37BEF-1EEB-4937-B7B1-43DC7C8CFB08}.Release|Any CPU.Build.0 = Release|Any CPU
		{32AA2C19-860E-4B59-9A14-59E5886433D4}.Debug|Any CPU.ActiveCfg = Debug|Any CPU
		{32AA2C19-860E-4B59-9A14-59E5886433D4}.Debug|Any CPU.Build.0 = Debug|Any CPU
		{32AA2C19-860E-4B59-9A14-59E5886433D4}.Release|Any CPU.ActiveCfg = Release|Any CPU
		{32AA2C19-860E-4B59-9A14-59E5886433D4}.Release|Any CPU.Build.0 = Release|Any CPU
		{8493028D-21C0-43BC-A382-3390A58133B2}.Debug|Any CPU.ActiveCfg = Debug|Any CPU
		{8493028D-21C0-43BC-A382-3390A58133B2}.Debug|Any CPU.Build.0 = Debug|Any CPU
		{8493028D-21C0-43BC-A382-3390A58133B2}.Release|Any CPU.ActiveCfg = Release|Any CPU
		{8493028D-21C0-43BC-A382-3390A58133B2}.Release|Any CPU.Build.0 = Release|Any CPU
		{3EB34FF1-B49A-4B99-9147-47A858F18E9E}.Debug|Any CPU.ActiveCfg = Debug|Any CPU
		{3EB34FF1-B49A-4B99-9147-47A858F18E9E}.Debug|Any CPU.Build.0 = Debug|Any CPU
		{3EB34FF1-B49A-4B99-9147-47A858F18E9E}.Release|Any CPU.ActiveCfg = Release|Any CPU
		{3EB34FF1-B49A-4B99-9147-47A858F18E9E}.Release|Any CPU.Build.0 = Release|Any CPU
		{64004E6C-5178-42AD-B685-7377F4D30F73}.Debug|Any CPU.ActiveCfg = Debug|Any CPU
		{64004E6C-5178-42AD-B685-7377F4D30F73}.Debug|Any CPU.Build.0 = Debug|Any CPU
		{64004E6C-5178-42AD-B685-7377F4D30F73}.Release|Any CPU.ActiveCfg = Release|Any CPU
		{64004E6C-5178-42AD-B685-7377F4D30F73}.Release|Any CPU.Build.0 = Release|Any CPU
		{51C04044-27E4-422E-9B5F-AB3AD047D07E}.Debug|Any CPU.ActiveCfg = Debug|Any CPU
		{51C04044-27E4-422E-9B5F-AB3AD047D07E}.Debug|Any CPU.Build.0 = Debug|Any CPU
		{51C04044-27E4-422E-9B5F-AB3AD047D07E}.Release|Any CPU.ActiveCfg = Release|Any CPU
		{51C04044-27E4-422E-9B5F-AB3AD047D07E}.Release|Any CPU.Build.0 = Release|Any CPU
		{5439FE0B-7094-41AE-AFC2-FAA340E5EAE4}.Debug|Any CPU.ActiveCfg = Debug|Any CPU
		{5439FE0B-7094-41AE-AFC2-FAA340E5EAE4}.Debug|Any CPU.Build.0 = Debug|Any CPU
		{5439FE0B-7094-41AE-AFC2-FAA340E5EAE4}.Release|Any CPU.ActiveCfg = Release|Any CPU
		{5439FE0B-7094-41AE-AFC2-FAA340E5EAE4}.Release|Any CPU.Build.0 = Release|Any CPU
		{927DF350-D0DA-410B-86F1-10A6EE30D15C}.Debug|Any CPU.ActiveCfg = Debug|Any CPU
		{927DF350-D0DA-410B-86F1-10A6EE30D15C}.Debug|Any CPU.Build.0 = Debug|Any CPU
		{927DF350-D0DA-410B-86F1-10A6EE30D15C}.Release|Any CPU.ActiveCfg = Release|Any CPU
		{927DF350-D0DA-410B-86F1-10A6EE30D15C}.Release|Any CPU.Build.0 = Release|Any CPU
	EndGlobalSection
	GlobalSection(SolutionProperties) = preSolution
		HideSolutionNode = FALSE
	EndGlobalSection
	GlobalSection(NestedProjects) = preSolution
		{DD9E265E-D7AF-4CBD-8316-707608C35920} = {5C899B87-C8F5-4175-8D58-8EBBD0DAF2D6}
		{32A37BEF-1EEB-4937-B7B1-43DC7C8CFB08} = {5C899B87-C8F5-4175-8D58-8EBBD0DAF2D6}
		{32AA2C19-860E-4B59-9A14-59E5886433D4} = {EBB00523-AA34-473E-869F-F21A1FF49E4A}
		{8493028D-21C0-43BC-A382-3390A58133B2} = {EBB00523-AA34-473E-869F-F21A1FF49E4A}
		{64004E6C-5178-42AD-B685-7377F4D30F73} = {AB873FBC-C5FF-4186-9C40-1B07B5869061}
		{51C04044-27E4-422E-9B5F-AB3AD047D07E} = {EBB00523-AA34-473E-869F-F21A1FF49E4A}
		{5439FE0B-7094-41AE-AFC2-FAA340E5EAE4} = {AB873FBC-C5FF-4186-9C40-1B07B5869061}
		{927DF350-D0DA-410B-86F1-10A6EE30D15C} = {AB873FBC-C5FF-4186-9C40-1B07B5869061}
	EndGlobalSection
	GlobalSection(ExtensibilityGlobals) = postSolution
		SolutionGuid = {32A159D0-95EE-45EA-AB3A-ABC2DAF5FF5D}
	EndGlobalSection
EndGlobal
