
Microsoft Visual Studio Solution File, Format Version 12.00
# Visual Studio 15
VisualStudioVersion = 15.0.28307.168
MinimumVisualStudioVersion = 10.0.40219.1
Project("{2150E333-8FDC-42A3-9474-1A3956D46DE8}") = "Core", "Core", "{5C899B87-C8F5-4175-8D58-8EBBD0DAF2D6}"
EndProject
Project("{2150E333-8FDC-42A3-9474-1A3956D46DE8}") = "DomainCore", "DomainCore", "{EBB00523-AA34-473E-869F-F21A1FF49E4A}"
EndProject
Project("{2150E333-8FDC-42A3-9474-1A3956D46DE8}") = "Services", "Services", "{AB873FBC-C5FF-4186-9C40-1B07B5869061}"
EndProject
Project("{9A19103F-16F7-4668-BE54-9A1E7A4F7556}") = "Eisk.DomainServices", "DomainServices\Eisk.DomainServices\Eisk.DomainServices.csproj", "{5618A828-A85C-41E9-ADD8-C27F62980A0B}"
EndProject
Project("{9A19103F-16F7-4668-BE54-9A1E7A4F7556}") = "Eisk.DomainServices.IntegrationTests.EFCore", "DomainServices\Eisk.DomainServices.IntegrationTests.EFCore\Eisk.DomainServices.IntegrationTests.EFCore.csproj", "{140C023E-29BA-4AD4-8771-997925D7B83E}"
EndProject
Project("{9A19103F-16F7-4668-BE54-9A1E7A4F7556}") = "Eisk.Core", "Core\Eisk.Core\Eisk.Core.csproj", "{DD9E265E-D7AF-4CBD-8316-707608C35920}"
EndProject
Project("{9A19103F-16F7-4668-BE54-9A1E7A4F7556}") = "Eisk.Test.Core", "Core\Eisk.Test.Core\Eisk.Test.Core.csproj", "{32A37BEF-1EEB-4937-B7B1-43DC7C8CFB08}"
EndProject
Project("{9A19103F-16F7-4668-BE54-9A1E7A4F7556}") = "Eisk.Domains", "DomainCore\Eisk.Domains\Eisk.Domains.csproj", "{32AA2C19-860E-4B59-9A14-59E5886433D4}"
EndProject
Project("{9A19103F-16F7-4668-BE54-9A1E7A4F7556}") = "Eisk.DataServices.Interfaces", "DomainCore\Eisk.DataServices.Interfaces\Eisk.DataServices.Interfaces.csproj", "{8493028D-21C0-43BC-A382-3390A58133B2}"
EndProject
Project("{9A19103F-16F7-4668-BE54-9A1E7A4F7556}") = "Eisk.EFCore.Setup", "DomainCore\Eisk.EFCore.Setup\Eisk.EFCore.Setup.csproj", "{6B34415B-93A8-4D01-8BF3-CD2479F1FD8A}"
EndProject
Project("{9A19103F-16F7-4668-BE54-9A1E7A4F7556}") = "Eisk.DataServices.EFCore", "DataServices.EFCore\Eisk.DataServices.EFCore\Eisk.DataServices.EFCore.csproj", "{87F1A662-DFA4-413D-884B-FB8476D3458F}"
EndProject
Project("{9A19103F-16F7-4668-BE54-9A1E7A4F7556}") = "Eisk.WebApi", "WebApi\Eisk.WebApi\Eisk.WebApi.csproj", "{3EB34FF1-B49A-4B99-9147-47A858F18E9E}"
EndProject
Global
	GlobalSection(SolutionConfigurationPlatforms) = preSolution
		Debug|Any CPU = Debug|Any CPU
		Release|Any CPU = Release|Any CPU
	EndGlobalSection
	GlobalSection(ProjectConfigurationPlatforms) = postSolution
		{5618A828-A85C-41E9-ADD8-C27F62980A0B}.Debug|Any CPU.ActiveCfg = Debug|Any CPU
		{5618A828-A85C-41E9-ADD8-C27F62980A0B}.Debug|Any CPU.Build.0 = Debug|Any CPU
		{5618A828-A85C-41E9-ADD8-C27F62980A0B}.Release|Any CPU.ActiveCfg = Release|Any CPU
		{5618A828-A85C-41E9-ADD8-C27F62980A0B}.Release|Any CPU.Build.0 = Release|Any CPU
		{140C023E-29BA-4AD4-8771-997925D7B83E}.Debug|Any CPU.ActiveCfg = Debug|Any CPU
		{140C023E-29BA-4AD4-8771-997925D7B83E}.Debug|Any CPU.Build.0 = Debug|Any CPU
		{140C023E-29BA-4AD4-8771-997925D7B83E}.Release|Any CPU.ActiveCfg = Release|Any CPU
		{140C023E-29BA-4AD4-8771-997925D7B83E}.Release|Any CPU.Build.0 = Release|Any CPU
		{DD9E265E-D7AF-4CBD-8316-707608C35920}.Debug|Any CPU.ActiveCfg = Debug|Any CPU
		{DD9E265E-D7AF-4CBD-8316-707608C35920}.Debug|Any CPU.Build.0 = Debug|Any CPU
		{DD9E265E-D7AF-4CBD-8316-707608C35920}.Release|Any CPU.ActiveCfg = Release|Any CPU
		{DD9E265E-D7AF-4CBD-8316-707608C35920}.Release|Any CPU.Build.0 = Release|Any CPU
		{32A37BEF-1EEB-4937-B7B1-43DC7C8CFB08}.Debug|Any CPU.ActiveCfg = Debug|Any CPU
		{32A37BEF-1EEB-4937-B7B1-43DC7C8CFB08}.Debug|Any CPU.Build.0 = Debug|Any CPU
		{32A37BEF-1EEB-4937-B7B1-43DC7C8CFB08}.Release|Any CPU.ActiveCfg = Release|Any CPU
		{32A37BEF-1EEB-4937-B7B1-43DC7C8CFB08}.Release|Any CPU.Build.0 = Release|Any CPU
		{32AA2C19-860E-4B59-9A14-59E5886433D4}.Debug|Any CPU.ActiveCfg = Debug|Any CPU
		{32AA2C19-860E-4B59-9A14-59E5886433D4}.Debug|Any CPU.Build.0 = Debug|Any CPU
		{32AA2C19-860E-4B59-9A14-59E5886433D4}.Release|Any CPU.ActiveCfg = Release|Any CPU
		{32AA2C19-860E-4B59-9A14-59E5886433D4}.Release|Any CPU.Build.0 = Release|Any CPU
		{8493028D-21C0-43BC-A382-3390A58133B2}.Debug|Any CPU.ActiveCfg = Debug|Any CPU
		{8493028D-21C0-43BC-A382-3390A58133B2}.Debug|Any CPU.Build.0 = Debug|Any CPU
		{8493028D-21C0-43BC-A382-3390A58133B2}.Release|Any CPU.ActiveCfg = Release|Any CPU
		{8493028D-21C0-43BC-A382-3390A58133B2}.Release|Any CPU.Build.0 = Release|Any CPU
		{6B34415B-93A8-4D01-8BF3-CD2479F1FD8A}.Debug|Any CPU.ActiveCfg = Debug|Any CPU
		{6B34415B-93A8-4D01-8BF3-CD2479F1FD8A}.Debug|Any CPU.Build.0 = Debug|Any CPU
		{6B34415B-93A8-4D01-8BF3-CD2479F1FD8A}.Release|Any CPU.ActiveCfg = Release|Any CPU
		{6B34415B-93A8-4D01-8BF3-CD2479F1FD8A}.Release|Any CPU.Build.0 = Release|Any CPU
		{87F1A662-DFA4-413D-884B-FB8476D3458F}.Debug|Any CPU.ActiveCfg = Debug|Any CPU
		{87F1A662-DFA4-413D-884B-FB8476D3458F}.Debug|Any CPU.Build.0 = Debug|Any CPU
		{87F1A662-DFA4-413D-884B-FB8476D3458F}.Release|Any CPU.ActiveCfg = Release|Any CPU
		{87F1A662-DFA4-413D-884B-FB8476D3458F}.Release|Any CPU.Build.0 = Release|Any CPU
		{3EB34FF1-B49A-4B99-9147-47A858F18E9E}.Debug|Any CPU.ActiveCfg = Debug|Any CPU
		{3EB34FF1-B49A-4B99-9147-47A858F18E9E}.Debug|Any CPU.Build.0 = Debug|Any CPU
		{3EB34FF1-B49A-4B99-9147-47A858F18E9E}.Release|Any CPU.ActiveCfg = Release|Any CPU
		{3EB34FF1-B49A-4B99-9147-47A858F18E9E}.Release|Any CPU.Build.0 = Release|Any CPU
	EndGlobalSection
	GlobalSection(SolutionProperties) = preSolution
		HideSolutionNode = FALSE
	EndGlobalSection
	GlobalSection(NestedProjects) = preSolution
		{5618A828-A85C-41E9-ADD8-C27F62980A0B} = {AB873FBC-C5FF-4186-9C40-1B07B5869061}
		{140C023E-29BA-4AD4-8771-997925D7B83E} = {AB873FBC-C5FF-4186-9C40-1B07B5869061}
		{DD9E265E-D7AF-4CBD-8316-707608C35920} = {5C899B87-C8F5-4175-8D58-8EBBD0DAF2D6}
		{32A37BEF-1EEB-4937-B7B1-43DC7C8CFB08} = {5C899B87-C8F5-4175-8D58-8EBBD0DAF2D6}
		{32AA2C19-860E-4B59-9A14-59E5886433D4} = {EBB00523-AA34-473E-869F-F21A1FF49E4A}
		{8493028D-21C0-43BC-A382-3390A58133B2} = {EBB00523-AA34-473E-869F-F21A1FF49E4A}
		{6B34415B-93A8-4D01-8BF3-CD2479F1FD8A} = {EBB00523-AA34-473E-869F-F21A1FF49E4A}
		{87F1A662-DFA4-413D-884B-FB8476D3458F} = {AB873FBC-C5FF-4186-9C40-1B07B5869061}
	EndGlobalSection
	GlobalSection(ExtensibilityGlobals) = postSolution
		SolutionGuid = {32A159D0-95EE-45EA-AB3A-ABC2DAF5FF5D}
	EndGlobalSection
EndGlobal
